Microsoft Visual Studio Solution File, Format Version 12.00
# Visual Studio Version 17
VisualStudioVersion = 17.5.2.0
MinimumVisualStudioVersion = 10.0.40219.1
Project("{FAE04EC0-301F-11D3-BF4B-00C04F79EFBC}") = "membros-Estaticos", "membros-Estaticos.csproj", "{15FE6818-2650-1E49-F632-AFFA057F11FB}"
EndProject
Global
	GlobalSection(SolutionConfigurationPlatforms) = preSolution
		Debug|Any CPU = Debug|Any CPU
		Release|Any CPU = Release|Any CPU
	EndGlobalSection
	GlobalSection(ProjectConfigurationPlatforms) = postSolution
		{15FE6818-2650-1E49-F632-AFFA057F11FB}.Debug|Any CPU.ActiveCfg = Debug|Any CPU
		{15FE6818-2650-1E49-F632-AFFA057F11FB}.Debug|Any CPU.Build.0 = Debug|Any CPU
		{15FE6818-2650-1E49-F632-AFFA057F11FB}.Release|Any CPU.ActiveCfg = Release|Any CPU
		{15FE6818-2650-1E49-F632-AFFA057F11FB}.Release|Any CPU.Build.0 = Release|Any CPU
	EndGlobalSection
	GlobalSection(SolutionProperties) = preSolution
		HideSolutionNode = FALSE
	EndGlobalSection
	GlobalSection(ExtensibilityGlobals) = postSolution
		SolutionGuid = {8EB5C5CE-E538-4B21-B9C5-B127D1C2A3C6}
	EndGlobalSection
EndGlobal
